
Microsoft Visual Studio Solution File, Format Version 12.00
# Visual Studio Version 16
VisualStudioVersion = 16.0.30717.126
MinimumVisualStudioVersion = 10.0.40219.1
Project("{FAE04EC0-301F-11D3-BF4B-00C04F79EFBC}") = "Project.Entities", "Proje.Entities\Project.Entities.csproj", "{253872BD-431A-4350-82E0-4820B4F6FABF}"
EndProject
Project("{FAE04EC0-301F-11D3-BF4B-00C04F79EFBC}") = "Project.DataAccess", "DataAccess\Project.DataAccess.csproj", "{A4E9C5E0-83B4-4093-BB85-847FD93A136C}"
EndProject
Project("{FAE04EC0-301F-11D3-BF4B-00C04F79EFBC}") = "Project.Business", "Project.Business\Project.Business.csproj", "{08F8F634-7433-4957-B28E-07DC169ED65A}"
EndProject
Project("{FAE04EC0-301F-11D3-BF4B-00C04F79EFBC}") = "Project.WebFormsUI", "Project.WebFormsUI\Project.WebFormsUI.csproj", "{C755414E-8DD7-47FC-AC2C-195F278D210D}"
EndProject
Global
	GlobalSection(SolutionConfigurationPlatforms) = preSolution
		Debug|Any CPU = Debug|Any CPU
		Release|Any CPU = Release|Any CPU
	EndGlobalSection
	GlobalSection(ProjectConfigurationPlatforms) = postSolution
		{253872BD-431A-4350-82E0-4820B4F6FABF}.Debug|Any CPU.ActiveCfg = Debug|Any CPU
		{253872BD-431A-4350-82E0-4820B4F6FABF}.Debug|Any CPU.Build.0 = Debug|Any CPU
		{253872BD-431A-4350-82E0-4820B4F6FABF}.Release|Any CPU.ActiveCfg = Release|Any CPU
		{253872BD-431A-4350-82E0-4820B4F6FABF}.Release|Any CPU.Build.0 = Release|Any CPU
		{A4E9C5E0-83B4-4093-BB85-847FD93A136C}.Debug|Any CPU.ActiveCfg = Debug|Any CPU
		{A4E9C5E0-83B4-4093-BB85-847FD93A136C}.Debug|Any CPU.Build.0 = Debug|Any CPU
		{A4E9C5E0-83B4-4093-BB85-847FD93A136C}.Release|Any CPU.ActiveCfg = Release|Any CPU
		{A4E9C5E0-83B4-4093-BB85-847FD93A136C}.Release|Any CPU.Build.0 = Release|Any CPU
		{08F8F634-7433-4957-B28E-07DC169ED65A}.Debug|Any CPU.ActiveCfg = Debug|Any CPU
		{08F8F634-7433-4957-B28E-07DC169ED65A}.Debug|Any CPU.Build.0 = Debug|Any CPU
		{08F8F634-7433-4957-B28E-07DC169ED65A}.Release|Any CPU.ActiveCfg = Release|Any CPU
		{08F8F634-7433-4957-B28E-07DC169ED65A}.Release|Any CPU.Build.0 = Release|Any CPU
		{C755414E-8DD7-47FC-AC2C-195F278D210D}.Debug|Any CPU.ActiveCfg = Debug|Any CPU
		{C755414E-8DD7-47FC-AC2C-195F278D210D}.Debug|Any CPU.Build.0 = Debug|Any CPU
		{C755414E-8DD7-47FC-AC2C-195F278D210D}.Release|Any CPU.ActiveCfg = Release|Any CPU
		{C755414E-8DD7-47FC-AC2C-195F278D210D}.Release|Any CPU.Build.0 = Release|Any CPU
	EndGlobalSection
	GlobalSection(SolutionProperties) = preSolution
		HideSolutionNode = FALSE
	EndGlobalSection
	GlobalSection(ExtensibilityGlobals) = postSolution
		SolutionGuid = {6ECFC69C-0F43-4CDB-A9E4-377D157D4BBA}
	EndGlobalSection
EndGlobal
